PODS:
  - FloatingPanel (1.7.4)
  - StonlySdk (1.0.1):
    - FloatingPanel (= 1.7.4)

DEPENDENCIES:
  - StonlySdk (= 1.0.1)

SPEC REPOS:
  trunk:
    - FloatingPanel
    - StonlySdk

SPEC CHECKSUMS:
  FloatingPanel: 3c9d0e30fe350e1613157557769d2ec97f76b96b
  StonlySdk: 159b1ed52b46d581051a5805ae8acaa4a9799618

PODFILE CHECKSUM: 8d2a764cb352291e16cd21149771810572703d0c

COCOAPODS: 1.9.3
